// !$*UTF8*$!
{
	archiveVersion = 1;
	classes = {
	};
	objectVersion = 56;
	objects = {

/* Begin PBXBuildFile section */
		F983600229BF706B00CC408D /* AppDelegate.swift in Sources */ = {isa = PBXBuildFile; fileRef = F983600129BF706B00CC408D /* AppDelegate.swift */; };
		F983600429BF706B00CC408D /* SceneDelegate.swift in Sources */ = {isa = PBXBuildFile; fileRef = F983600329BF706B00CC408D /* SceneDelegate.swift */; };
		F983600B29BF706C00CC408D /* Assets.xcassets in Resources */ = {isa = PBXBuildFile; fileRef = F983600A29BF706C00CC408D /* Assets.xcassets */; };
		F983600E29BF706C00CC408D /* LaunchScreen.storyboard in Resources */ = {isa = PBXBuildFile; fileRef = F983600C29BF706C00CC408D /* LaunchScreen.storyboard */; };
		F983601929BF723E00CC408D /* FeedViewController.swift in Sources */ = {isa = PBXBuildFile; fileRef = F983601829BF723E00CC408D /* FeedViewController.swift */; };
		F9D62DF729C0A38100DD76D1 /* SnapKit in Frameworks */ = {isa = PBXBuildFile; productRef = F9D62DF629C0A38100DD76D1 /* SnapKit */; };
		F9D62DFA29C0B3DB00DD76D1 /* LogoView.swift in Sources */ = {isa = PBXBuildFile; fileRef = F9D62DF929C0B3DB00DD76D1 /* LogoView.swift */; };
		F9D62DFC29C0C5CA00DD76D1 /* FeedItemType.swift in Sources */ = {isa = PBXBuildFile; fileRef = F9D62DFB29C0C5CA00DD76D1 /* FeedItemType.swift */; };
		F9D62DFE29C0C60E00DD76D1 /* FeedStoriesCellInfo.swift in Sources */ = {isa = PBXBuildFile; fileRef = F9D62DFD29C0C60E00DD76D1 /* FeedStoriesCellInfo.swift */; };
		F9D62E0029C0C8AF00DD76D1 /* FeedPostItemInfo.swift in Sources */ = {isa = PBXBuildFile; fileRef = F9D62DFF29C0C8AF00DD76D1 /* FeedPostItemInfo.swift */; };
		F9D62E0329C1C53100DD76D1 /* FeedStoriesSetCell.swift in Sources */ = {isa = PBXBuildFile; fileRef = F9D62E0229C1C53100DD76D1 /* FeedStoriesSetCell.swift */; };
		F9D62E0529C1C5FE00DD76D1 /* FeedPostCell.swift in Sources */ = {isa = PBXBuildFile; fileRef = F9D62E0429C1C5FE00DD76D1 /* FeedPostCell.swift */; };
		F9D62E0729C1EDCC00DD76D1 /* StoriesItemCell.swift in Sources */ = {isa = PBXBuildFile; fileRef = F9D62E0629C1EDCC00DD76D1 /* StoriesItemCell.swift */; };
/* End PBXBuildFile section */

/* Begin PBXFileReference section */
		F9835FFE29BF706B00CC408D /* inst.app */ = {isa = PBXFileReference; explicitFileType = wrapper.application; includeInIndex = 0; path = inst.app; sourceTree = BUILT_PRODUCTS_DIR; };
		F983600129BF706B00CC408D /* AppDelegate.swift */ = {isa = PBXFileReference; lastKnownFileType = sourcecode.swift; path = AppDelegate.swift; sourceTree = "<group>"; };
		F983600329BF706B00CC408D /* SceneDelegate.swift */ = {isa = PBXFileReference; lastKnownFileType = sourcecode.swift; path = SceneDelegate.swift; sourceTree = "<group>"; };
		F983600A29BF706C00CC408D /* Assets.xcassets */ = {isa = PBXFileReference; lastKnownFileType = folder.assetcatalog; path = Assets.xcassets; sourceTree = "<group>"; };
		F983600D29BF706C00CC408D /* Base */ = {isa = PBXFileReference; lastKnownFileType = file.storyboard; name = Base; path = Base.lproj/LaunchScreen.storyboard; sourceTree = "<group>"; };
		F983600F29BF706C00CC408D /* Info.plist */ = {isa = PBXFileReference; lastKnownFileType = text.plist.xml; path = Info.plist; sourceTree = "<group>"; };
		F983601829BF723E00CC408D /* FeedViewController.swift */ = {isa = PBXFileReference; lastKnownFileType = sourcecode.swift; path = FeedViewController.swift; sourceTree = "<group>"; };
		F9D62DF929C0B3DB00DD76D1 /* LogoView.swift */ = {isa = PBXFileReference; lastKnownFileType = sourcecode.swift; path = LogoView.swift; sourceTree = "<group>"; };
		F9D62DFB29C0C5CA00DD76D1 /* FeedItemType.swift */ = {isa = PBXFileReference; lastKnownFileType = sourcecode.swift; path = FeedItemType.swift; sourceTree = "<group>"; };
		F9D62DFD29C0C60E00DD76D1 /* FeedStoriesCellInfo.swift */ = {isa = PBXFileReference; lastKnownFileType = sourcecode.swift; path = FeedStoriesCellInfo.swift; sourceTree = "<group>"; };
		F9D62DFF29C0C8AF00DD76D1 /* FeedPostItemInfo.swift */ = {isa = PBXFileReference; lastKnownFileType = sourcecode.swift; path = FeedPostItemInfo.swift; sourceTree = "<group>"; };
		F9D62E0229C1C53100DD76D1 /* FeedStoriesSetCell.swift */ = {isa = PBXFileReference; lastKnownFileType = sourcecode.swift; path = FeedStoriesSetCell.swift; sourceTree = "<group>"; };
		F9D62E0429C1C5FE00DD76D1 /* FeedPostCell.swift */ = {isa = PBXFileReference; lastKnownFileType = sourcecode.swift; path = FeedPostCell.swift; sourceTree = "<group>"; };
		F9D62E0629C1EDCC00DD76D1 /* StoriesItemCell.swift */ = {isa = PBXFileReference; lastKnownFileType = sourcecode.swift; path = StoriesItemCell.swift; sourceTree = "<group>"; };
/* End PBXFileReference section */

/* Begin PBXFrameworksBuildPhase section */
		F9835FFB29BF706B00CC408D /* Frameworks */ = {
			isa = PBXFrameworksBuildPhase;
			buildActionMask = 2147483647;
			files = (
				F9D62DF729C0A38100DD76D1 /* SnapKit in Frameworks */,
			);
			runOnlyForDeploymentPostprocessing = 0;
		};
/* End PBXFrameworksBuildPhase section */

/* Begin PBXGroup section */
		F9835FF529BF706B00CC408D = {
			isa = PBXGroup;
			children = (
				F983600029BF706B00CC408D /* inst */,
				F9835FFF29BF706B00CC408D /* Products */,
			);
			sourceTree = "<group>";
		};
		F9835FFF29BF706B00CC408D /* Products */ = {
			isa = PBXGroup;
			children = (
				F9835FFE29BF706B00CC408D /* inst.app */,
			);
			name = Products;
			sourceTree = "<group>";
		};
		F983600029BF706B00CC408D /* inst */ = {
			isa = PBXGroup;
			children = (
				F983601529BF714C00CC408D /* Application */,
				F983601729BF721100CC408D /* Feed */,
				F9D62DF829C0B38800DD76D1 /* Views */,
				F983601629BF717700CC408D /* Resources */,
			);
			path = inst;
			sourceTree = "<group>";
		};
		F983601529BF714C00CC408D /* Application */ = {
			isa = PBXGroup;
			children = (
				F983600129BF706B00CC408D /* AppDelegate.swift */,
				F983600329BF706B00CC408D /* SceneDelegate.swift */,
			);
			path = Application;
			sourceTree = "<group>";
		};
		F983601629BF717700CC408D /* Resources */ = {
			isa = PBXGroup;
			children = (
				F983600A29BF706C00CC408D /* Assets.xcassets */,
				F983600C29BF706C00CC408D /* LaunchScreen.storyboard */,
				F983600F29BF706C00CC408D /* Info.plist */,
			);
			path = Resources;
			sourceTree = "<group>";
		};
		F983601729BF721100CC408D /* Feed */ = {
			isa = PBXGroup;
			children = (
				F983601829BF723E00CC408D /* FeedViewController.swift */,
				F9D62DFB29C0C5CA00DD76D1 /* FeedItemType.swift */,
				F9D62DFD29C0C60E00DD76D1 /* FeedStoriesCellInfo.swift */,
				F9D62DFF29C0C8AF00DD76D1 /* FeedPostItemInfo.swift */,
			);
			path = Feed;
			sourceTree = "<group>";
		};
		F9D62DF829C0B38800DD76D1 /* Views */ = {
			isa = PBXGroup;
			children = (
				F9D62DF929C0B3DB00DD76D1 /* LogoView.swift */,
				F9D62E0129C1C4FD00DD76D1 /* Cells */,
			);
			path = Views;
			sourceTree = "<group>";
		};
		F9D62E0129C1C4FD00DD76D1 /* Cells */ = {
			isa = PBXGroup;
			children = (
				F9D62E0229C1C53100DD76D1 /* FeedStoriesSetCell.swift */,
				F9D62E0429C1C5FE00DD76D1 /* FeedPostCell.swift */,
				F9D62E0629C1EDCC00DD76D1 /* StoriesItemCell.swift */,
			);
			path = Cells;
			sourceTree = "<group>";
		};
/* End PBXGroup section */

/* Begin PBXNativeTarget section */
		F9835FFD29BF706B00CC408D /* inst */ = {
			isa = PBXNativeTarget;
			buildConfigurationList = F983601229BF706C00CC408D /* Build configuration list for PBXNativeTarget "inst" */;
			buildPhases = (
				F9835FFA29BF706B00CC408D /* Sources */,
				F9835FFB29BF706B00CC408D /* Frameworks */,
				F9835FFC29BF706B00CC408D /* Resources */,
			);
			buildRules = (
			);
			dependencies = (
			);
			name = inst;
			packageProductDependencies = (
				F9D62DF629C0A38100DD76D1 /* SnapKit */,
			);
			productName = inst;
			productReference = F9835FFE29BF706B00CC408D /* inst.app */;
			productType = "com.apple.product-type.application";
		};
/* End PBXNativeTarget section */

/* Begin PBXProject section */
		F9835FF629BF706B00CC408D /* Project object */ = {
			isa = PBXProject;
			attributes = {
				BuildIndependentTargetsInParallel = 1;
				LastSwiftUpdateCheck = 1420;
				LastUpgradeCheck = 1420;
				TargetAttributes = {
					F9835FFD29BF706B00CC408D = {
						CreatedOnToolsVersion = 14.2;
					};
				};
			};
			buildConfigurationList = F9835FF929BF706B00CC408D /* Build configuration list for PBXProject "inst" */;
			compatibilityVersion = "Xcode 14.0";
			developmentRegion = en;
			hasScannedForEncodings = 0;
			knownRegions = (
				en,
				Base,
			);
			mainGroup = F9835FF529BF706B00CC408D;
			packageReferences = (
				F9D62DF529C0A38100DD76D1 /* XCRemoteSwiftPackageReference "SnapKit" */,
			);
			productRefGroup = F9835FFF29BF706B00CC408D /* Products */;
			projectDirPath = "";
			projectRoot = "";
			targets = (
				F9835FFD29BF706B00CC408D /* inst */,
			);
		};
/* End PBXProject section */

/* Begin PBXResourcesBuildPhase section */
		F9835FFC29BF706B00CC408D /* Resources */ = {
			isa = PBXResourcesBuildPhase;
			buildActionMask = 2147483647;
			files = (
				F983600E29BF706C00CC408D /* LaunchScreen.storyboard in Resources */,
				F983600B29BF706C00CC408D /* Assets.xcassets in Resources */,
			);
			runOnlyForDeploymentPostprocessing = 0;
		};
/* End PBXResourcesBuildPhase section */

/* Begin PBXSourcesBuildPhase section */
		F9835FFA29BF706B00CC408D /* Sources */ = {
			isa = PBXSourcesBuildPhase;
			buildActionMask = 2147483647;
			files = (
				F9D62E0029C0C8AF00DD76D1 /* FeedPostItemInfo.swift in Sources */,
				F983600229BF706B00CC408D /* AppDelegate.swift in Sources */,
				F9D62DFA29C0B3DB00DD76D1 /* LogoView.swift in Sources */,
				F983601929BF723E00CC408D /* FeedViewController.swift in Sources */,
				F9D62E0729C1EDCC00DD76D1 /* StoriesItemCell.swift in Sources */,
				F9D62E0329C1C53100DD76D1 /* FeedStoriesSetCell.swift in Sources */,
				F9D62DFE29C0C60E00DD76D1 /* FeedStoriesCellInfo.swift in Sources */,
				F9D62E0529C1C5FE00DD76D1 /* FeedPostCell.swift in Sources */,
				F983600429BF706B00CC408D /* SceneDelegate.swift in Sources */,
				F9D62DFC29C0C5CA00DD76D1 /* FeedItemType.swift in Sources */,
			);
			runOnlyForDeploymentPostprocessing = 0;
		};
/* End PBXSourcesBuildPhase section */

/* Begin PBXVariantGroup section */
		F983600C29BF706C00CC408D /* LaunchScreen.storyboard */ = {
			isa = PBXVariantGroup;
			children = (
				F983600D29BF706C00CC408D /* Base */,
			);
			name = LaunchScreen.storyboard;
			sourceTree = "<group>";
		};
/* End PBXVariantGroup section */

/* Begin XCBuildConfiguration section */
		F983601029BF706C00CC408D /* Debug */ = {
			isa = XCBuildConfiguration;
			buildSettings = {
				ALWAYS_SEARCH_USER_PATHS = NO;
				CLANG_ANALYZER_NONNULL = YES;
				CLANG_ANALYZER_NUMBER_OBJECT_CONVERSION = YES_AGGRESSIVE;
				CLANG_CXX_LANGUAGE_STANDARD = "gnu++20";
				CLANG_ENABLE_MODULES = YES;
				CLANG_ENABLE_OBJC_ARC = YES;
				CLANG_ENABLE_OBJC_WEAK = YES;
				CLANG_WARN_BLOCK_CAPTURE_AUTORELEASING = YES;
				CLANG_WARN_BOOL_CONVERSION = YES;
				CLANG_WARN_COMMA = YES;
				CLANG_WARN_CONSTANT_CONVERSION = YES;
				CLANG_WARN_DEPRECATED_OBJC_IMPLEMENTATIONS = YES;
				CLANG_WARN_DIRECT_OBJC_ISA_USAGE = YES_ERROR;
				CLANG_WARN_DOCUMENTATION_COMMENTS = YES;
				CLANG_WARN_EMPTY_BODY = YES;
				CLANG_WARN_ENUM_CONVERSION = YES;
				CLANG_WARN_INFINITE_RECURSION = YES;
				CLANG_WARN_INT_CONVERSION = YES;
				CLANG_WARN_NON_LITERAL_NULL_CONVERSION = YES;
				CLANG_WARN_OBJC_IMPLICIT_RETAIN_SELF = YES;
				CLANG_WARN_OBJC_LITERAL_CONVERSION = YES;
				CLANG_WARN_OBJC_ROOT_CLASS = YES_ERROR;
				CLANG_WARN_QUOTED_INCLUDE_IN_FRAMEWORK_HEADER = YES;
				CLANG_WARN_RANGE_LOOP_ANALYSIS = YES;
				CLANG_WARN_STRICT_PROTOTYPES = YES;
				CLANG_WARN_SUSPICIOUS_MOVE = YES;
				CLANG_WARN_UNGUARDED_AVAILABILITY = YES_AGGRESSIVE;
				CLANG_WARN_UNREACHABLE_CODE = YES;
				CLANG_WARN__DUPLICATE_METHOD_MATCH = YES;
				COPY_PHASE_STRIP = NO;
				DEBUG_INFORMATION_FORMAT = dwarf;
				ENABLE_STRICT_OBJC_MSGSEND = YES;
				ENABLE_TESTABILITY = YES;
				GCC_C_LANGUAGE_STANDARD = gnu11;
				GCC_DYNAMIC_NO_PIC = NO;
				GCC_NO_COMMON_BLOCKS = YES;
				GCC_OPTIMIZATION_LEVEL = 0;
				GCC_PREPROCESSOR_DEFINITIONS = (
					"DEBUG=1",
					"$(inherited)",
				);
				GCC_WARN_64_TO_32_BIT_CONVERSION = YES;
				GCC_WARN_ABOUT_RETURN_TYPE = YES_ERROR;
				GCC_WARN_UNDECLARED_SELECTOR = YES;
				GCC_WARN_UNINITIALIZED_AUTOS = YES_AGGRESSIVE;
				GCC_WARN_UNUSED_FUNCTION = YES;
				GCC_WARN_UNUSED_VARIABLE = YES;
				IPHONEOS_DEPLOYMENT_TARGET = 16.0;
				MTL_ENABLE_DEBUG_INFO = INCLUDE_SOURCE;
				MTL_FAST_MATH = YES;
				ONLY_ACTIVE_ARCH = YES;
				SDKROOT = iphoneos;
				SWIFT_ACTIVE_COMPILATION_CONDITIONS = DEBUG;
				SWIFT_OPTIMIZATION_LEVEL = "-Onone";
			};
			name = Debug;
		};
		F983601129BF706C00CC408D /* Release */ = {
			isa = XCBuildConfiguration;
			buildSettings = {
				ALWAYS_SEARCH_USER_PATHS = NO;
				CLANG_ANALYZER_NONNULL = YES;
				CLANG_ANALYZER_NUMBER_OBJECT_CONVERSION = YES_AGGRESSIVE;
				CLANG_CXX_LANGUAGE_STANDARD = "gnu++20";
				CLANG_ENABLE_MODULES = YES;
				CLANG_ENABLE_OBJC_ARC = YES;
				CLANG_ENABLE_OBJC_WEAK = YES;
				CLANG_WARN_BLOCK_CAPTURE_AUTORELEASING = YES;
				CLANG_WARN_BOOL_CONVERSION = YES;
				CLANG_WARN_COMMA = YES;
				CLANG_WARN_CONSTANT_CONVERSION = YES;
				CLANG_WARN_DEPRECATED_OBJC_IMPLEMENTATIONS = YES;
				CLANG_WARN_DIRECT_OBJC_ISA_USAGE = YES_ERROR;
				CLANG_WARN_DOCUMENTATION_COMMENTS = YES;
				CLANG_WARN_EMPTY_BODY = YES;
				CLANG_WARN_ENUM_CONVERSION = YES;
				CLANG_WARN_INFINITE_RECURSION = YES;
				CLANG_WARN_INT_CONVERSION = YES;
				CLANG_WARN_NON_LITERAL_NULL_CONVERSION = YES;
				CLANG_WARN_OBJC_IMPLICIT_RETAIN_SELF = YES;
				CLANG_WARN_OBJC_LITERAL_CONVERSION = YES;
				CLANG_WARN_OBJC_ROOT_CLASS = YES_ERROR;
				CLANG_WARN_QUOTED_INCLUDE_IN_FRAMEWORK_HEADER = YES;
				CLANG_WARN_RANGE_LOOP_ANALYSIS = YES;
				CLANG_WARN_STRICT_PROTOTYPES = YES;
				CLANG_WARN_SUSPICIOUS_MOVE = YES;
				CLANG_WARN_UNGUARDED_AVAILABILITY = YES_AGGRESSIVE;
				CLANG_WARN_UNREACHABLE_CODE = YES;
				CLANG_WARN__DUPLICATE_METHOD_MATCH = YES;
				COPY_PHASE_STRIP = NO;
				DEBUG_INFORMATION_FORMAT = "dwarf-with-dsym";
				ENABLE_NS_ASSERTIONS = NO;
				ENABLE_STRICT_OBJC_MSGSEND = YES;
				GCC_C_LANGUAGE_STANDARD = gnu11;
				GCC_NO_COMMON_BLOCKS = YES;
				GCC_WARN_64_TO_32_BIT_CONVERSION = YES;
				GCC_WARN_ABOUT_RETURN_TYPE = YES_ERROR;
				GCC_WARN_UNDECLARED_SELECTOR = YES;
				GCC_WARN_UNINITIALIZED_AUTOS = YES_AGGRESSIVE;
				GCC_WARN_UNUSED_FUNCTION = YES;
				GCC_WARN_UNUSED_VARIABLE = YES;
				IPHONEOS_DEPLOYMENT_TARGET = 16.0;
				MTL_ENABLE_DEBUG_INFO = NO;
				MTL_FAST_MATH = YES;
				SDKROOT = iphoneos;
				SWIFT_COMPILATION_MODE = wholemodule;
				SWIFT_OPTIMIZATION_LEVEL = "-O";
				VALIDATE_PRODUCT = YES;
			};
			name = Release;
		};
		F983601329BF706C00CC408D /* Debug */ = {
			isa = XCBuildConfiguration;
			buildSettings = {
				ASSETCATALOG_COMPILER_APPICON_NAME = AppIcon;
				ASSETCATALOG_COMPILER_GLOBAL_ACCENT_COLOR_NAME = AccentColor;
				CODE_SIGN_STYLE = Automatic;
				CURRENT_PROJECT_VERSION = 1;
				DEVELOPMENT_TEAM = L536Q9UMC4;
				GENERATE_INFOPLIST_FILE = YES;
				INFOPLIST_FILE = inst/Resources/Info.plist;
				INFOPLIST_KEY_UIApplicationSupportsIndirectInputEvents = YES;
				INFOPLIST_KEY_UILaunchStoryboardName = LaunchScreen;
				INFOPLIST_KEY_UIMainStoryboardFile = "";
				INFOPLIST_KEY_UISupportedInterfaceOrientations_iPad = "UIInterfaceOrientationPortrait UIInterfaceOrientationPortraitUpsideDown UIInterfaceOrientationLandscapeLeft UIInterfaceOrientationLandscapeRight";
				INFOPLIST_KEY_UISupportedInterfaceOrientations_iPhone = "UIInterfaceOrientationPortrait UIInterfaceOrientationLandscapeLeft UIInterfaceOrientationLandscapeRight";
				IPHONEOS_DEPLOYMENT_TARGET = 16.0;
				LD_RUNPATH_SEARCH_PATHS = (
					"$(inherited)",
					"@executable_path/Frameworks",
				);
				MARKETING_VERSION = 1.0;
				PRODUCT_BUNDLE_IDENTIFIER = co.ratmir.inst;
				PRODUCT_NAME = "$(TARGET_NAME)";
				SWIFT_EMIT_LOC_STRINGS = YES;
				SWIFT_VERSION = 5.0;
				TARGETED_DEVICE_FAMILY = "1,2";
			};
			name = Debug;
		};
		F983601429BF706C00CC408D /* Release */ = {
			isa = XCBuildConfiguration;
			buildSettings = {
				ASSETCATALOG_COMPILER_APPICON_NAME = AppIcon;
				ASSETCATALOG_COMPILER_GLOBAL_ACCENT_COLOR_NAME = AccentColor;
				CODE_SIGN_STYLE = Automatic;
				CURRENT_PROJECT_VERSION = 1;
				DEVELOPMENT_TEAM = L536Q9UMC4;
				GENERATE_INFOPLIST_FILE = YES;
				INFOPLIST_FILE = inst/Resources/Info.plist;
				INFOPLIST_KEY_UIApplicationSupportsIndirectInputEvents = YES;
				INFOPLIST_KEY_UILaunchStoryboardName = LaunchScreen;
				INFOPLIST_KEY_UIMainStoryboardFile = "";
				INFOPLIST_KEY_UISupportedInterfaceOrientations_iPad = "UIInterfaceOrientationPortrait UIInterfaceOrientationPortraitUpsideDown UIInterfaceOrientationLandscapeLeft UIInterfaceOrientationLandscapeRight";
				INFOPLIST_KEY_UISupportedInterfaceOrientations_iPhone = "UIInterfaceOrientationPortrait UIInterfaceOrientationLandscapeLeft UIInterfaceOrientationLandscapeRight";
				IPHONEOS_DEPLOYMENT_TARGET = 16.0;
				LD_RUNPATH_SEARCH_PATHS = (
					"$(inherited)",
					"@executable_path/Frameworks",
				);
				MARKETING_VERSION = 1.0;
				PRODUCT_BUNDLE_IDENTIFIER = co.ratmir.inst;
				PRODUCT_NAME = "$(TARGET_NAME)";
				SWIFT_EMIT_LOC_STRINGS = YES;
				SWIFT_VERSION = 5.0;
				TARGETED_DEVICE_FAMILY = "1,2";
			};
			name = Release;
		};
/* End XCBuildConfiguration section */

/* Begin XCConfigurationList section */
		F9835FF929BF706B00CC408D /* Build configuration list for PBXProject "inst" */ = {
			isa = XCConfigurationList;
			buildConfigurations = (
				F983601029BF706C00CC408D /* Debug */,
				F983601129BF706C00CC408D /* Release */,
			);
			defaultConfigurationIsVisible = 0;
			defaultConfigurationName = Release;
		};
		F983601229BF706C00CC408D /* Build configuration list for PBXNativeTarget "inst" */ = {
			isa = XCConfigurationList;
			buildConfigurations = (
				F983601329BF706C00CC408D /* Debug */,
				F983601429BF706C00CC408D /* Release */,
			);
			defaultConfigurationIsVisible = 0;
			defaultConfigurationName = Release;
		};
/* End XCConfigurationList section */

/* Begin XCRemoteSwiftPackageReference section */
		F9D62DF529C0A38100DD76D1 /* XCRemoteSwiftPackageReference "SnapKit" */ = {
			isa = XCRemoteSwiftPackageReference;
			repositoryURL = "https://github.com/SnapKit/SnapKit";
			requirement = {
				branch = develop;
				kind = branch;
			};
		};
/* End XCRemoteSwiftPackageReference section */

/* Begin XCSwiftPackageProductDependency section */
		F9D62DF629C0A38100DD76D1 /* SnapKit */ = {
			isa = XCSwiftPackageProductDependency;
			package = F9D62DF529C0A38100DD76D1 /* XCRemoteSwiftPackageReference "SnapKit" */;
			productName = SnapKit;
		};
/* End XCSwiftPackageProductDependency section */
	};
	rootObject = F9835FF629BF706B00CC408D /* Project object */;
}
